
Microsoft Visual Studio Solution File, Format Version 9.00
# Visual C# Express 2005
Project("{FAE04EC0-301F-11D3-BF4B-00C04F79EFBC}") = "TrapKATEditor", "TrapKATEditor\TrapKATEditor.csproj", "{82C75C30-D56A-4CC4-87FC-F6C04F58A991}"
EndProject
Project("{FAE04EC0-301F-11D3-BF4B-00C04F79EFBC}") = "TrapKATEditorLocalisation", "TrapKATEditorLocalisation\TrapKATEditorLocalisation.csproj", "{94530587-E514-4335-9D59-3F80EA3FACFC}"
EndProject
Project("{FAE04EC0-301F-11D3-BF4B-00C04F79EFBC}") = "TrapKATEditorUpdateTool", "TrapKATEditorUpdateTool\TrapKATEditorUpdateTool.csproj", "{8E7D7AC1-F3F6-4B7E-BC07-B118E8BE7476}"
EndProject
Global
	GlobalSection(SolutionConfigurationPlatforms) = preSolution
		Debug|Any CPU = Debug|Any CPU
		Release|Any CPU = Release|Any CPU
	EndGlobalSection
	GlobalSection(ProjectConfigurationPlatforms) = postSolution
		{82C75C30-D56A-4CC4-87FC-F6C04F58A991}.Debug|Any CPU.ActiveCfg = Debug|Any CPU
		{82C75C30-D56A-4CC4-87FC-F6C04F58A991}.Debug|Any CPU.Build.0 = Debug|Any CPU
		{82C75C30-D56A-4CC4-87FC-F6C04F58A991}.Release|Any CPU.ActiveCfg = Release|Any CPU
		{82C75C30-D56A-4CC4-87FC-F6C04F58A991}.Release|Any CPU.Build.0 = Release|Any CPU
		{8E7D7AC1-F3F6-4B7E-BC07-B118E8BE7476}.Debug|Any CPU.ActiveCfg = Debug|Any CPU
		{8E7D7AC1-F3F6-4B7E-BC07-B118E8BE7476}.Debug|Any CPU.Build.0 = Debug|Any CPU
		{8E7D7AC1-F3F6-4B7E-BC07-B118E8BE7476}.Release|Any CPU.ActiveCfg = Release|Any CPU
		{8E7D7AC1-F3F6-4B7E-BC07-B118E8BE7476}.Release|Any CPU.Build.0 = Release|Any CPU
		{94530587-E514-4335-9D59-3F80EA3FACFC}.Debug|Any CPU.ActiveCfg = Debug|Any CPU
		{94530587-E514-4335-9D59-3F80EA3FACFC}.Debug|Any CPU.Build.0 = Debug|Any CPU
		{94530587-E514-4335-9D59-3F80EA3FACFC}.Release|Any CPU.ActiveCfg = Release|Any CPU
		{94530587-E514-4335-9D59-3F80EA3FACFC}.Release|Any CPU.Build.0 = Release|Any CPU
	EndGlobalSection
	GlobalSection(SolutionProperties) = preSolution
		HideSolutionNode = FALSE
	EndGlobalSection
EndGlobal
