Microsoft Visual Studio Solution File, Format Version 8.00
Project("{FAE04EC0-301F-11D3-BF4B-00C04F79EFBC}") = "pjse coder plugin", "pjse coder plugin.csproj", "{6AA664E9-B45F-4D61-9B9F-E68341C16473}"
	ProjectSection(ProjectDependencies) = postProject
	EndProjectSection
EndProject
Project("{FAE04EC0-301F-11D3-BF4B-00C04F79EFBC}") = "pjse GUID Tool", "..\pjse GUID Tool\pjse GUID Tool.csproj", "{DF925ACD-1B45-4B03-8832-54E00EE6C5D7}"
	ProjectSection(ProjectDependencies) = postProject
	EndProjectSection
EndProject
Project("{FAE04EC0-301F-11D3-BF4B-00C04F79EFBC}") = "pjse filetable", "..\pjse filetable\pjse filetable.csproj", "{84085FAA-A947-492E-88BC-B941A4623811}"
	ProjectSection(ProjectDependencies) = postProject
	EndProjectSection
EndProject
Global
	GlobalSection(SolutionConfiguration) = preSolution
		Debug = Debug
		InProgress = InProgress
		Release = Release
	EndGlobalSection
	GlobalSection(ProjectConfiguration) = postSolution
		{6AA664E9-B45F-4D61-9B9F-E68341C16473}.Debug.ActiveCfg = Debug|.NET
		{6AA664E9-B45F-4D61-9B9F-E68341C16473}.Debug.Build.0 = Debug|.NET
		{6AA664E9-B45F-4D61-9B9F-E68341C16473}.InProgress.ActiveCfg = InProgress|.NET
		{6AA664E9-B45F-4D61-9B9F-E68341C16473}.InProgress.Build.0 = InProgress|.NET
		{6AA664E9-B45F-4D61-9B9F-E68341C16473}.Release.ActiveCfg = Release|.NET
		{6AA664E9-B45F-4D61-9B9F-E68341C16473}.Release.Build.0 = Release|.NET
		{DF925ACD-1B45-4B03-8832-54E00EE6C5D7}.Debug.ActiveCfg = Debug|.NET
		{DF925ACD-1B45-4B03-8832-54E00EE6C5D7}.Debug.Build.0 = Debug|.NET
		{DF925ACD-1B45-4B03-8832-54E00EE6C5D7}.InProgress.ActiveCfg = InProgress|.NET
		{DF925ACD-1B45-4B03-8832-54E00EE6C5D7}.InProgress.Build.0 = InProgress|.NET
		{DF925ACD-1B45-4B03-8832-54E00EE6C5D7}.Release.ActiveCfg = Release|.NET
		{DF925ACD-1B45-4B03-8832-54E00EE6C5D7}.Release.Build.0 = Release|.NET
		{84085FAA-A947-492E-88BC-B941A4623811}.Debug.ActiveCfg = Debug|.NET
		{84085FAA-A947-492E-88BC-B941A4623811}.Debug.Build.0 = Debug|.NET
		{84085FAA-A947-492E-88BC-B941A4623811}.InProgress.ActiveCfg = Release|.NET
		{84085FAA-A947-492E-88BC-B941A4623811}.InProgress.Build.0 = Release|.NET
		{84085FAA-A947-492E-88BC-B941A4623811}.Release.ActiveCfg = Release|.NET
		{84085FAA-A947-492E-88BC-B941A4623811}.Release.Build.0 = Release|.NET
	EndGlobalSection
	GlobalSection(ExtensibilityGlobals) = postSolution
	EndGlobalSection
	GlobalSection(ExtensibilityAddIns) = postSolution
	EndGlobalSection
EndGlobal
