Microsoft Visual Studio Solution File, Format Version 8.00
Project("{FAE04EC0-301F-11D3-BF4B-00C04F79EFBC}") = "PLJones SimAntics Editor", "PLJones SimAntics Editor.csproj", "{2D57ACF7-4EE3-4F30-8006-864611E01E96}"
	ProjectSection(ProjectDependencies) = postProject
	EndProjectSection
EndProject
Project("{FAE04EC0-301F-11D3-BF4B-00C04F79EFBC}") = "SimPe Packages", "..\SimPe Packages\SimPe Packages.csproj", "{1C6C45BF-FE19-4C23-B327-01F45B0F269C}"
	ProjectSection(ProjectDependencies) = postProject
	EndProjectSection
EndProject
Project("{FAE04EC0-301F-11D3-BF4B-00C04F79EFBC}") = "SimPe Interfaces", "..\SimPe Interfaces\SimPe Interfaces.csproj", "{74FCBBEC-105A-4006-A1FC-8EF4F80FD2D7}"
	ProjectSection(ProjectDependencies) = postProject
	EndProjectSection
EndProject
Project("{FAE04EC0-301F-11D3-BF4B-00C04F79EFBC}") = "SimPe Helper", "..\SimPe Helper\SimPe Helper.csproj", "{59E3C353-1350-42D8-A045-CBBAD232F228}"
	ProjectSection(ProjectDependencies) = postProject
	EndProjectSection
EndProject
Project("{FAE04EC0-301F-11D3-BF4B-00C04F79EFBC}") = "SimPe HandlerCommon", "..\SimPe HandlerCommon\SimPe HandlerCommon.csproj", "{A4CC48FD-9574-4F0B-B721-9E8C1B1E6A8A}"
	ProjectSection(ProjectDependencies) = postProject
	EndProjectSection
EndProject
Project("{FAE04EC0-301F-11D3-BF4B-00C04F79EFBC}") = "SimPe GenericBase", "..\SimPe GenericBase\SimPe GenericBase.csproj", "{1DD372F9-D6F9-4724-8E7F-12BDE0FFAC74}"
	ProjectSection(ProjectDependencies) = postProject
	EndProjectSection
EndProject
Project("{FAE04EC0-301F-11D3-BF4B-00C04F79EFBC}") = "SimPe ByteView", "..\SimPe ByteView\SimPe ByteView.csproj", "{E319030F-251E-4D30-AC46-83D34FC3FC81}"
	ProjectSection(ProjectDependencies) = postProject
	EndProjectSection
EndProject
Project("{FAE04EC0-301F-11D3-BF4B-00C04F79EFBC}") = "SimPe BHAV", "..\SimPe BHAV\SimPe BHAV.csproj", "{6AA664E9-B45F-4D61-9B9F-E68341C16473}"
	ProjectSection(ProjectDependencies) = postProject
	EndProjectSection
EndProject
Project("{FAE04EC0-301F-11D3-BF4B-00C04F79EFBC}") = "SimsGUID", "..\SimsGUID\SimsGUID.csproj", "{8A2A1FCD-F166-4AE8-A87A-7424215C93AF}"
	ProjectSection(ProjectDependencies) = postProject
	EndProjectSection
EndProject
Project("{FAE04EC0-301F-11D3-BF4B-00C04F79EFBC}") = "HexEdit", "..\HexEdit\HexEdit.csproj", "{57FB03C0-014D-4347-BF66-16E62ECA1EFF}"
	ProjectSection(ProjectDependencies) = postProject
	EndProjectSection
EndProject
Project("{FAE04EC0-301F-11D3-BF4B-00C04F79EFBC}") = "SimPe Clst", "..\SimPe Clst\SimPe Clst.csproj", "{5DD89FD7-1E89-49D4-B48D-CC605D767C3B}"
	ProjectSection(ProjectDependencies) = postProject
	EndProjectSection
EndProject
Project("{FAE04EC0-301F-11D3-BF4B-00C04F79EFBC}") = "SimPe Sims2CommunityPack", "..\SimPe Sims2CommunityPack\SimPe Sims2CommunityPack.csproj", "{2EF93119-5C98-4167-B1AF-966E6A45AB79}"
	ProjectSection(ProjectDependencies) = postProject
	EndProjectSection
EndProject
Project("{FAE04EC0-301F-11D3-BF4B-00C04F79EFBC}") = "SimPe Extended Filehandlers", "..\SimPe Extended Filehandlers\SimPe Extended Filehandlers.csproj", "{7EF7C30C-2968-46E8-AA74-79EDB0FE8F2A}"
	ProjectSection(ProjectDependencies) = postProject
	EndProjectSection
EndProject
Project("{FAE04EC0-301F-11D3-BF4B-00C04F79EFBC}") = "SimPe Commandline", "..\SimPe Commandline\SimPe Commandline.csproj", "{0D63B13E-F41B-456C-92D0-C0BB3FE8744F}"
	ProjectSection(ProjectDependencies) = postProject
	EndProjectSection
EndProject
Global
	GlobalSection(SolutionConfiguration) = preSolution
		Debug = Debug
		Debug Txtr = Debug Txtr
		Release = Release
	EndGlobalSection
	GlobalSection(ProjectConfiguration) = postSolution
		{2D57ACF7-4EE3-4F30-8006-864611E01E96}.Debug.ActiveCfg = Debug|.NET
		{2D57ACF7-4EE3-4F30-8006-864611E01E96}.Debug.Build.0 = Debug|.NET
		{2D57ACF7-4EE3-4F30-8006-864611E01E96}.Debug Txtr.ActiveCfg = Debug Txtr|.NET
		{2D57ACF7-4EE3-4F30-8006-864611E01E96}.Debug Txtr.Build.0 = Debug Txtr|.NET
		{2D57ACF7-4EE3-4F30-8006-864611E01E96}.Release.ActiveCfg = Release|.NET
		{2D57ACF7-4EE3-4F30-8006-864611E01E96}.Release.Build.0 = Release|.NET
		{1C6C45BF-FE19-4C23-B327-01F45B0F269C}.Debug.ActiveCfg = Debug|.NET
		{1C6C45BF-FE19-4C23-B327-01F45B0F269C}.Debug.Build.0 = Debug|.NET
		{1C6C45BF-FE19-4C23-B327-01F45B0F269C}.Debug Txtr.ActiveCfg = Debug Txtr|.NET
		{1C6C45BF-FE19-4C23-B327-01F45B0F269C}.Debug Txtr.Build.0 = Debug Txtr|.NET
		{1C6C45BF-FE19-4C23-B327-01F45B0F269C}.Release.ActiveCfg = Release|.NET
		{1C6C45BF-FE19-4C23-B327-01F45B0F269C}.Release.Build.0 = Release|.NET
		{74FCBBEC-105A-4006-A1FC-8EF4F80FD2D7}.Debug.ActiveCfg = Debug|.NET
		{74FCBBEC-105A-4006-A1FC-8EF4F80FD2D7}.Debug.Build.0 = Debug|.NET
		{74FCBBEC-105A-4006-A1FC-8EF4F80FD2D7}.Debug Txtr.ActiveCfg = Debug Txtr|.NET
		{74FCBBEC-105A-4006-A1FC-8EF4F80FD2D7}.Debug Txtr.Build.0 = Debug Txtr|.NET
		{74FCBBEC-105A-4006-A1FC-8EF4F80FD2D7}.Release.ActiveCfg = Release|.NET
		{74FCBBEC-105A-4006-A1FC-8EF4F80FD2D7}.Release.Build.0 = Release|.NET
		{59E3C353-1350-42D8-A045-CBBAD232F228}.Debug.ActiveCfg = Debug|.NET
		{59E3C353-1350-42D8-A045-CBBAD232F228}.Debug.Build.0 = Debug|.NET
		{59E3C353-1350-42D8-A045-CBBAD232F228}.Debug Txtr.ActiveCfg = Debug Txtr|.NET
		{59E3C353-1350-42D8-A045-CBBAD232F228}.Debug Txtr.Build.0 = Debug Txtr|.NET
		{59E3C353-1350-42D8-A045-CBBAD232F228}.Release.ActiveCfg = Release|.NET
		{59E3C353-1350-42D8-A045-CBBAD232F228}.Release.Build.0 = Release|.NET
		{A4CC48FD-9574-4F0B-B721-9E8C1B1E6A8A}.Debug.ActiveCfg = Debug|.NET
		{A4CC48FD-9574-4F0B-B721-9E8C1B1E6A8A}.Debug.Build.0 = Debug|.NET
		{A4CC48FD-9574-4F0B-B721-9E8C1B1E6A8A}.Debug Txtr.ActiveCfg = Debug Txtr|.NET
		{A4CC48FD-9574-4F0B-B721-9E8C1B1E6A8A}.Debug Txtr.Build.0 = Debug Txtr|.NET
		{A4CC48FD-9574-4F0B-B721-9E8C1B1E6A8A}.Release.ActiveCfg = Release|.NET
		{A4CC48FD-9574-4F0B-B721-9E8C1B1E6A8A}.Release.Build.0 = Release|.NET
		{1DD372F9-D6F9-4724-8E7F-12BDE0FFAC74}.Debug.ActiveCfg = Debug|.NET
		{1DD372F9-D6F9-4724-8E7F-12BDE0FFAC74}.Debug.Build.0 = Debug|.NET
		{1DD372F9-D6F9-4724-8E7F-12BDE0FFAC74}.Debug Txtr.ActiveCfg = Debug Txtr|.NET
		{1DD372F9-D6F9-4724-8E7F-12BDE0FFAC74}.Debug Txtr.Build.0 = Debug Txtr|.NET
		{1DD372F9-D6F9-4724-8E7F-12BDE0FFAC74}.Release.ActiveCfg = Release|.NET
		{1DD372F9-D6F9-4724-8E7F-12BDE0FFAC74}.Release.Build.0 = Release|.NET
		{E319030F-251E-4D30-AC46-83D34FC3FC81}.Debug.ActiveCfg = Debug|.NET
		{E319030F-251E-4D30-AC46-83D34FC3FC81}.Debug.Build.0 = Debug|.NET
		{E319030F-251E-4D30-AC46-83D34FC3FC81}.Debug Txtr.ActiveCfg = Debug Txtr|.NET
		{E319030F-251E-4D30-AC46-83D34FC3FC81}.Debug Txtr.Build.0 = Debug Txtr|.NET
		{E319030F-251E-4D30-AC46-83D34FC3FC81}.Release.ActiveCfg = Release|.NET
		{E319030F-251E-4D30-AC46-83D34FC3FC81}.Release.Build.0 = Release|.NET
		{6AA664E9-B45F-4D61-9B9F-E68341C16473}.Debug.ActiveCfg = Debug|.NET
		{6AA664E9-B45F-4D61-9B9F-E68341C16473}.Debug.Build.0 = Debug|.NET
		{6AA664E9-B45F-4D61-9B9F-E68341C16473}.Debug Txtr.ActiveCfg = Debug Txtr|.NET
		{6AA664E9-B45F-4D61-9B9F-E68341C16473}.Debug Txtr.Build.0 = Debug Txtr|.NET
		{6AA664E9-B45F-4D61-9B9F-E68341C16473}.Release.ActiveCfg = Release|.NET
		{6AA664E9-B45F-4D61-9B9F-E68341C16473}.Release.Build.0 = Release|.NET
		{8A2A1FCD-F166-4AE8-A87A-7424215C93AF}.Debug.ActiveCfg = Debug|.NET
		{8A2A1FCD-F166-4AE8-A87A-7424215C93AF}.Debug.Build.0 = Debug|.NET
		{8A2A1FCD-F166-4AE8-A87A-7424215C93AF}.Debug Txtr.ActiveCfg = Debug Txtr|.NET
		{8A2A1FCD-F166-4AE8-A87A-7424215C93AF}.Debug Txtr.Build.0 = Debug Txtr|.NET
		{8A2A1FCD-F166-4AE8-A87A-7424215C93AF}.Release.ActiveCfg = Release|.NET
		{8A2A1FCD-F166-4AE8-A87A-7424215C93AF}.Release.Build.0 = Release|.NET
		{57FB03C0-014D-4347-BF66-16E62ECA1EFF}.Debug.ActiveCfg = Debug|.NET
		{57FB03C0-014D-4347-BF66-16E62ECA1EFF}.Debug.Build.0 = Debug|.NET
		{57FB03C0-014D-4347-BF66-16E62ECA1EFF}.Debug Txtr.ActiveCfg = Debug Txtr|.NET
		{57FB03C0-014D-4347-BF66-16E62ECA1EFF}.Debug Txtr.Build.0 = Debug Txtr|.NET
		{57FB03C0-014D-4347-BF66-16E62ECA1EFF}.Release.ActiveCfg = Release|.NET
		{57FB03C0-014D-4347-BF66-16E62ECA1EFF}.Release.Build.0 = Release|.NET
		{5DD89FD7-1E89-49D4-B48D-CC605D767C3B}.Debug.ActiveCfg = Debug|.NET
		{5DD89FD7-1E89-49D4-B48D-CC605D767C3B}.Debug.Build.0 = Debug|.NET
		{5DD89FD7-1E89-49D4-B48D-CC605D767C3B}.Debug Txtr.ActiveCfg = Debug Txtr|.NET
		{5DD89FD7-1E89-49D4-B48D-CC605D767C3B}.Debug Txtr.Build.0 = Debug Txtr|.NET
		{5DD89FD7-1E89-49D4-B48D-CC605D767C3B}.Release.ActiveCfg = Release|.NET
		{5DD89FD7-1E89-49D4-B48D-CC605D767C3B}.Release.Build.0 = Release|.NET
		{2EF93119-5C98-4167-B1AF-966E6A45AB79}.Debug.ActiveCfg = Debug|.NET
		{2EF93119-5C98-4167-B1AF-966E6A45AB79}.Debug.Build.0 = Debug|.NET
		{2EF93119-5C98-4167-B1AF-966E6A45AB79}.Debug Txtr.ActiveCfg = Debug Txtr|.NET
		{2EF93119-5C98-4167-B1AF-966E6A45AB79}.Debug Txtr.Build.0 = Debug Txtr|.NET
		{2EF93119-5C98-4167-B1AF-966E6A45AB79}.Release.ActiveCfg = Release|.NET
		{2EF93119-5C98-4167-B1AF-966E6A45AB79}.Release.Build.0 = Release|.NET
		{7EF7C30C-2968-46E8-AA74-79EDB0FE8F2A}.Debug.ActiveCfg = Debug|.NET
		{7EF7C30C-2968-46E8-AA74-79EDB0FE8F2A}.Debug.Build.0 = Debug|.NET
		{7EF7C30C-2968-46E8-AA74-79EDB0FE8F2A}.Debug Txtr.ActiveCfg = Debug|.NET
		{7EF7C30C-2968-46E8-AA74-79EDB0FE8F2A}.Debug Txtr.Build.0 = Debug|.NET
		{7EF7C30C-2968-46E8-AA74-79EDB0FE8F2A}.Release.ActiveCfg = Release|.NET
		{7EF7C30C-2968-46E8-AA74-79EDB0FE8F2A}.Release.Build.0 = Release|.NET
		{0D63B13E-F41B-456C-92D0-C0BB3FE8744F}.Debug.ActiveCfg = Debug|.NET
		{0D63B13E-F41B-456C-92D0-C0BB3FE8744F}.Debug.Build.0 = Debug|.NET
		{0D63B13E-F41B-456C-92D0-C0BB3FE8744F}.Debug Txtr.ActiveCfg = Debug|.NET
		{0D63B13E-F41B-456C-92D0-C0BB3FE8744F}.Debug Txtr.Build.0 = Debug|.NET
		{0D63B13E-F41B-456C-92D0-C0BB3FE8744F}.Release.ActiveCfg = Release|.NET
		{0D63B13E-F41B-456C-92D0-C0BB3FE8744F}.Release.Build.0 = Release|.NET
	EndGlobalSection
	GlobalSection(ExtensibilityGlobals) = postSolution
	EndGlobalSection
	GlobalSection(ExtensibilityAddIns) = postSolution
	EndGlobalSection
EndGlobal
